{
  "version": "5",
  "specifiers": {
    "jsr:@hono/hono@^4.9.7": "4.9.7",
    "npm:@electric-sql/client@*": "1.0.10",
    "npm:@types/node@*": "24.2.0"
  },
  "jsr": {
    "@hono/hono@4.9.7": {
      "integrity": "5293d82fc6d25782ff9e0a89680f99cdd27ed19eb0558e2786c22a46a4594424"
    }
  },
  "npm": {
    "@electric-sql/client@1.0.10": {
      "integrity": "sha512-KcP6R2OGiruxbhAa0wMGiRIfpXDQQ8vznBmn34kG/UJ11sqA4NQBhoPhSsKkCPs5EKc2DoS6bcnqLkIHFdxmvg==",
      "dependencies": [
        "@microsoft/fetch-event-source"
      ],
      "optionalDependencies": [
        "@rollup/rollup-darwin-arm64"
      ]
    },
    "@microsoft/fetch-event-source@2.0.1": {
      "integrity": "sha512-W6CLUJ2eBMw3Rec70qrsEW0jOm/3twwJv21mrmj2yORiaVmVYGS4sSS5yUwvQc1ZlDLYGPnClVWmUUMagKNsfA=="
    },
    "@rollup/rollup-darwin-arm64@4.50.1": {
      "integrity": "sha512-xc6i2AuWh++oGi4ylOFPmzJOEeAa2lJeGUGb4MudOtgfyyjr4UPNK+eEWTPLvmPJIY/pgw6ssFIox23SyrkkJw==",
      "os": ["darwin"],
      "cpu": ["arm64"]
    },
    "@types/node@24.2.0": {
      "integrity": "sha512-3xyG3pMCq3oYCNg7/ZP+E1ooTaGB4cG8JWRsqqOYQdbWNY4zbaV0Ennrd7stjiJEFZCaybcIgpTjJWHRfBSIDw==",
      "dependencies": [
        "undici-types"
      ]
    },
    "undici-types@7.10.0": {
      "integrity": "sha512-t5Fy/nfn+14LuOc2KNYg75vZqClpAiqscVvMygNnlsHBFpSXdJaYtXMcdNLpl/Qvc3P2cB3s6lOV51nqsFq4ag=="
    }
  },
  "workspace": {
    "dependencies": [
      "jsr:@hono/hono@^4.9.7",
      "npm:@electric-sql/client@*"
    ]
  }
}
